// !$*UTF8*$!
{
	archiveVersion = 1;
	classes = {
	};
	objectVersion = 55;
	objects = {

/* Begin PBXBuildFile section */
		3D146D5827893F2C00ECA61B /* AppDelegate.swift in Sources */ = {isa = PBXBuildFile; fileRef = 3D146D5727893F2C00ECA61B /* AppDelegate.swift */; };
		3D146D5A27893F2C00ECA61B /* SceneDelegate.swift in Sources */ = {isa = PBXBuildFile; fileRef = 3D146D5927893F2C00ECA61B /* SceneDelegate.swift */; };
		3D146D5C27893F2C00ECA61B /* ViewController.swift in Sources */ = {isa = PBXBuildFile; fileRef = 3D146D5B27893F2C00ECA61B /* ViewController.swift */; };
		3D146D5F27893F2C00ECA61B /* Main.storyboard in Resources */ = {isa = PBXBuildFile; fileRef = 3D146D5D27893F2C00ECA61B /* Main.storyboard */; };
		3D146D6127893F2E00ECA61B /* Assets.xcassets in Resources */ = {isa = PBXBuildFile; fileRef = 3D146D6027893F2E00ECA61B /* Assets.xcassets */; };
		3D146D6427893F2E00ECA61B /* LaunchScreen.storyboard in Resources */ = {isa = PBXBuildFile; fileRef = 3D146D6227893F2E00ECA61B /* LaunchScreen.storyboard */; };
		3DCC4F81278BC3330055164D /* A.wav in Resources */ = {isa = PBXBuildFile; fileRef = 3DCC4F80278BC3330055164D /* A.wav */; };
		3DCC4F83278BC47A0055164D /* B.wav in Resources */ = {isa = PBXBuildFile; fileRef = 3DCC4F82278BC47A0055164D /* B.wav */; };
		3DCC4F85278BC48E0055164D /* C.wav in Resources */ = {isa = PBXBuildFile; fileRef = 3DCC4F84278BC48E0055164D /* C.wav */; };
		3DCC4F87278BC4960055164D /* D.wav in Resources */ = {isa = PBXBuildFile; fileRef = 3DCC4F86278BC4960055164D /* D.wav */; };
		3DCC4F89278BC49C0055164D /* E.wav in Resources */ = {isa = PBXBuildFile; fileRef = 3DCC4F88278BC49C0055164D /* E.wav */; };
		3DCC4F8B278BC4A10055164D /* F.wav in Resources */ = {isa = PBXBuildFile; fileRef = 3DCC4F8A278BC4A10055164D /* F.wav */; };
		3DCC4F8D278BC4A70055164D /* G.wav in Resources */ = {isa = PBXBuildFile; fileRef = 3DCC4F8C278BC4A70055164D /* G.wav */; };
/* End PBXBuildFile section */

/* Begin PBXFileReference section */
		3D146D5427893F2C00ECA61B /* Xylophone App.app */ = {isa = PBXFileReference; explicitFileType = wrapper.application; includeInIndex = 0; path = "Xylophone App.app"; sourceTree = BUILT_PRODUCTS_DIR; };
		3D146D5727893F2C00ECA61B /* AppDelegate.swift */ = {isa = PBXFileReference; lastKnownFileType = sourcecode.swift; path = AppDelegate.swift; sourceTree = "<group>"; };
		3D146D5927893F2C00ECA61B /* SceneDelegate.swift */ = {isa = PBXFileReference; lastKnownFileType = sourcecode.swift; path = SceneDelegate.swift; sourceTree = "<group>"; };
		3D146D5B27893F2C00ECA61B /* ViewController.swift */ = {isa = PBXFileReference; lastKnownFileType = sourcecode.swift; path = ViewController.swift; sourceTree = "<group>"; };
		3D146D5E27893F2C00ECA61B /* Base */ = {isa = PBXFileReference; lastKnownFileType = file.storyboard; name = Base; path = Base.lproj/Main.storyboard; sourceTree = "<group>"; };
		3D146D6027893F2E00ECA61B /* Assets.xcassets */ = {isa = PBXFileReference; lastKnownFileType = folder.assetcatalog; path = Assets.xcassets; sourceTree = "<group>"; };
		3D146D6327893F2E00ECA61B /* Base */ = {isa = PBXFileReference; lastKnownFileType = file.storyboard; name = Base; path = Base.lproj/LaunchScreen.storyboard; sourceTree = "<group>"; };
		3D146D6527893F2E00ECA61B /* Info.plist */ = {isa = PBXFileReference; lastKnownFileType = text.plist.xml; path = Info.plist; sourceTree = "<group>"; };
		3DCC4F80278BC3330055164D /* A.wav */ = {isa = PBXFileReference; lastKnownFileType = audio.wav; path = A.wav; sourceTree = "<group>"; };
		3DCC4F82278BC47A0055164D /* B.wav */ = {isa = PBXFileReference; lastKnownFileType = audio.wav; path = B.wav; sourceTree = "<group>"; };
		3DCC4F84278BC48E0055164D /* C.wav */ = {isa = PBXFileReference; lastKnownFileType = audio.wav; path = C.wav; sourceTree = "<group>"; };
		3DCC4F86278BC4960055164D /* D.wav */ = {isa = PBXFileReference; lastKnownFileType = audio.wav; path = D.wav; sourceTree = "<group>"; };
		3DCC4F88278BC49C0055164D /* E.wav */ = {isa = PBXFileReference; lastKnownFileType = audio.wav; path = E.wav; sourceTree = "<group>"; };
		3DCC4F8A278BC4A10055164D /* F.wav */ = {isa = PBXFileReference; lastKnownFileType = audio.wav; path = F.wav; sourceTree = "<group>"; };
		3DCC4F8C278BC4A70055164D /* G.wav */ = {isa = PBXFileReference; lastKnownFileType = audio.wav; path = G.wav; sourceTree = "<group>"; };
/* End PBXFileReference section */

/* Begin PBXFrameworksBuildPhase section */
		3D146D5127893F2C00ECA61B /* Frameworks */ = {
			isa = PBXFrameworksBuildPhase;
			buildActionMask = 2147483647;
			files = (
			);
			runOnlyForDeploymentPostprocessing = 0;
		};
/* End PBXFrameworksBuildPhase section */

/* Begin PBXGroup section */
		3D146D4B27893F2C00ECA61B = {
			isa = PBXGroup;
			children = (
				3D146D5627893F2C00ECA61B /* Xylophone App */,
				3D146D5527893F2C00ECA61B /* Products */,
			);
			sourceTree = "<group>";
		};
		3D146D5527893F2C00ECA61B /* Products */ = {
			isa = PBXGroup;
			children = (
				3D146D5427893F2C00ECA61B /* Xylophone App.app */,
			);
			name = Products;
			sourceTree = "<group>";
		};
		3D146D5627893F2C00ECA61B /* Xylophone App */ = {
			isa = PBXGroup;
			children = (
				3D146D5727893F2C00ECA61B /* AppDelegate.swift */,
				3D146D5927893F2C00ECA61B /* SceneDelegate.swift */,
				3D146D5B27893F2C00ECA61B /* ViewController.swift */,
				3D146D5D27893F2C00ECA61B /* Main.storyboard */,
				3D146D6027893F2E00ECA61B /* Assets.xcassets */,
				3D146D6227893F2E00ECA61B /* LaunchScreen.storyboard */,
				3DCC4F7F278BC3040055164D /* Sounds */,
				3D146D6527893F2E00ECA61B /* Info.plist */,
			);
			path = "Xylophone App";
			sourceTree = "<group>";
		};
		3DCC4F7F278BC3040055164D /* Sounds */ = {
			isa = PBXGroup;
			children = (
				3DCC4F80278BC3330055164D /* A.wav */,
				3DCC4F82278BC47A0055164D /* B.wav */,
				3DCC4F84278BC48E0055164D /* C.wav */,
				3DCC4F86278BC4960055164D /* D.wav */,
				3DCC4F88278BC49C0055164D /* E.wav */,
				3DCC4F8A278BC4A10055164D /* F.wav */,
				3DCC4F8C278BC4A70055164D /* G.wav */,
			);
			path = Sounds;
			sourceTree = "<group>";
		};
/* End PBXGroup section */

/* Begin PBXNativeTarget section */
		3D146D5327893F2C00ECA61B /* Xylophone App */ = {
			isa = PBXNativeTarget;
			buildConfigurationList = 3D146D6827893F2E00ECA61B /* Build configuration list for PBXNativeTarget "Xylophone App" */;
			buildPhases = (
				3D146D5027893F2C00ECA61B /* Sources */,
				3D146D5127893F2C00ECA61B /* Frameworks */,
				3D146D5227893F2C00ECA61B /* Resources */,
			);
			buildRules = (
			);
			dependencies = (
			);
			name = "Xylophone App";
			productName = "Xylophone App";
			productReference = 3D146D5427893F2C00ECA61B /* Xylophone App.app */;
			productType = "com.apple.product-type.application";
		};
/* End PBXNativeTarget section */

/* Begin PBXProject section */
		3D146D4C27893F2C00ECA61B /* Project object */ = {
			isa = PBXProject;
			attributes = {
				BuildIndependentTargetsInParallel = 1;
				LastSwiftUpdateCheck = 1320;
				LastUpgradeCheck = 1320;
				TargetAttributes = {
					3D146D5327893F2C00ECA61B = {
						CreatedOnToolsVersion = 13.2.1;
					};
				};
			};
			buildConfigurationList = 3D146D4F27893F2C00ECA61B /* Build configuration list for PBXProject "Xylophone App" */;
			compatibilityVersion = "Xcode 13.0";
			developmentRegion = en;
			hasScannedForEncodings = 0;
			knownRegions = (
				en,
				Base,
			);
			mainGroup = 3D146D4B27893F2C00ECA61B;
			productRefGroup = 3D146D5527893F2C00ECA61B /* Products */;
			projectDirPath = "";
			projectRoot = "";
			targets = (
				3D146D5327893F2C00ECA61B /* Xylophone App */,
			);
		};
/* End PBXProject section */

/* Begin PBXResourcesBuildPhase section */
		3D146D5227893F2C00ECA61B /* Resources */ = {
			isa = PBXResourcesBuildPhase;
			buildActionMask = 2147483647;
			files = (
				3DCC4F85278BC48E0055164D /* C.wav in Resources */,
				3D146D6427893F2E00ECA61B /* LaunchScreen.storyboard in Resources */,
				3DCC4F87278BC4960055164D /* D.wav in Resources */,
				3DCC4F8B278BC4A10055164D /* F.wav in Resources */,
				3DCC4F83278BC47A0055164D /* B.wav in Resources */,
				3D146D6127893F2E00ECA61B /* Assets.xcassets in Resources */,
				3DCC4F8D278BC4A70055164D /* G.wav in Resources */,
				3DCC4F81278BC3330055164D /* A.wav in Resources */,
				3DCC4F89278BC49C0055164D /* E.wav in Resources */,
				3D146D5F27893F2C00ECA61B /* Main.storyboard in Resources */,
			);
			runOnlyForDeploymentPostprocessing = 0;
		};
/* End PBXResourcesBuildPhase section */

/* Begin PBXSourcesBuildPhase section */
		3D146D5027893F2C00ECA61B /* Sources */ = {
			isa = PBXSourcesBuildPhase;
			buildActionMask = 2147483647;
			files = (
				3D146D5C27893F2C00ECA61B /* ViewController.swift in Sources */,
				3D146D5827893F2C00ECA61B /* AppDelegate.swift in Sources */,
				3D146D5A27893F2C00ECA61B /* SceneDelegate.swift in Sources */,
			);
			runOnlyForDeploymentPostprocessing = 0;
		};
/* End PBXSourcesBuildPhase section */

/* Begin PBXVariantGroup section */
		3D146D5D27893F2C00ECA61B /* Main.storyboard */ = {
			isa = PBXVariantGroup;
			children = (
				3D146D5E27893F2C00ECA61B /* Base */,
			);
			name = Main.storyboard;
			sourceTree = "<group>";
		};
		3D146D6227893F2E00ECA61B /* LaunchScreen.storyboard */ = {
			isa = PBXVariantGroup;
			children = (
				3D146D6327893F2E00ECA61B /* Base */,
			);
			name = LaunchScreen.storyboard;
			sourceTree = "<group>";
		};
/* End PBXVariantGroup section */

/* Begin XCBuildConfiguration section */
		3D146D6627893F2E00ECA61B /* Debug */ = {
			isa = XCBuildConfiguration;
			buildSettings = {
				ALWAYS_SEARCH_USER_PATHS = NO;
				CLANG_ANALYZER_NONNULL = YES;
				CLANG_ANALYZER_NUMBER_OBJECT_CONVERSION = YES_AGGRESSIVE;
				CLANG_CXX_LANGUAGE_STANDARD = "gnu++17";
				CLANG_CXX_LIBRARY = "libc++";
				CLANG_ENABLE_MODULES = YES;
				CLANG_ENABLE_OBJC_ARC = YES;
				CLANG_ENABLE_OBJC_WEAK = YES;
				CLANG_WARN_BLOCK_CAPTURE_AUTORELEASING = YES;
				CLANG_WARN_BOOL_CONVERSION = YES;
				CLANG_WARN_COMMA = YES;
				CLANG_WARN_CONSTANT_CONVERSION = YES;
				CLANG_WARN_DEPRECATED_OBJC_IMPLEMENTATIONS = YES;
				CLANG_WARN_DIRECT_OBJC_ISA_USAGE = YES_ERROR;
				CLANG_WARN_DOCUMENTATION_COMMENTS = YES;
				CLANG_WARN_EMPTY_BODY = YES;
				CLANG_WARN_ENUM_CONVERSION = YES;
				CLANG_WARN_INFINITE_RECURSION = YES;
				CLANG_WARN_INT_CONVERSION = YES;
				CLANG_WARN_NON_LITERAL_NULL_CONVERSION = YES;
				CLANG_WARN_OBJC_IMPLICIT_RETAIN_SELF = YES;
				CLANG_WARN_OBJC_LITERAL_CONVERSION = YES;
				CLANG_WARN_OBJC_ROOT_CLASS = YES_ERROR;
				CLANG_WARN_QUOTED_INCLUDE_IN_FRAMEWORK_HEADER = YES;
				CLANG_WARN_RANGE_LOOP_ANALYSIS = YES;
				CLANG_WARN_STRICT_PROTOTYPES = YES;
				CLANG_WARN_SUSPICIOUS_MOVE = YES;
				CLANG_WARN_UNGUARDED_AVAILABILITY = YES_AGGRESSIVE;
				CLANG_WARN_UNREACHABLE_CODE = YES;
				CLANG_WARN__DUPLICATE_METHOD_MATCH = YES;
				COPY_PHASE_STRIP = NO;
				DEBUG_INFORMATION_FORMAT = dwarf;
				ENABLE_STRICT_OBJC_MSGSEND = YES;
				ENABLE_TESTABILITY = YES;
				GCC_C_LANGUAGE_STANDARD = gnu11;
				GCC_DYNAMIC_NO_PIC = NO;
				GCC_NO_COMMON_BLOCKS = YES;
				GCC_OPTIMIZATION_LEVEL = 0;
				GCC_PREPROCESSOR_DEFINITIONS = (
					"DEBUG=1",
					"$(inherited)",
				);
				GCC_WARN_64_TO_32_BIT_CONVERSION = YES;
				GCC_WARN_ABOUT_RETURN_TYPE = YES_ERROR;
				GCC_WARN_UNDECLARED_SELECTOR = YES;
				GCC_WARN_UNINITIALIZED_AUTOS = YES_AGGRESSIVE;
				GCC_WARN_UNUSED_FUNCTION = YES;
				GCC_WARN_UNUSED_VARIABLE = YES;
				IPHONEOS_DEPLOYMENT_TARGET = 15.2;
				MTL_ENABLE_DEBUG_INFO = INCLUDE_SOURCE;
				MTL_FAST_MATH = YES;
				ONLY_ACTIVE_ARCH = YES;
				SDKROOT = iphoneos;
				SWIFT_ACTIVE_COMPILATION_CONDITIONS = DEBUG;
				SWIFT_OPTIMIZATION_LEVEL = "-Onone";
			};
			name = Debug;
		};
		3D146D6727893F2E00ECA61B /* Release */ = {
			isa = XCBuildConfiguration;
			buildSettings = {
				ALWAYS_SEARCH_USER_PATHS = NO;
				CLANG_ANALYZER_NONNULL = YES;
				CLANG_ANALYZER_NUMBER_OBJECT_CONVERSION = YES_AGGRESSIVE;
				CLANG_CXX_LANGUAGE_STANDARD = "gnu++17";
				CLANG_CXX_LIBRARY = "libc++";
				CLANG_ENABLE_MODULES = YES;
				CLANG_ENABLE_OBJC_ARC = YES;
				CLANG_ENABLE_OBJC_WEAK = YES;
				CLANG_WARN_BLOCK_CAPTURE_AUTORELEASING = YES;
				CLANG_WARN_BOOL_CONVERSION = YES;
				CLANG_WARN_COMMA = YES;
				CLANG_WARN_CONSTANT_CONVERSION = YES;
				CLANG_WARN_DEPRECATED_OBJC_IMPLEMENTATIONS = YES;
				CLANG_WARN_DIRECT_OBJC_ISA_USAGE = YES_ERROR;
				CLANG_WARN_DOCUMENTATION_COMMENTS = YES;
				CLANG_WARN_EMPTY_BODY = YES;
				CLANG_WARN_ENUM_CONVERSION = YES;
				CLANG_WARN_INFINITE_RECURSION = YES;
				CLANG_WARN_INT_CONVERSION = YES;
				CLANG_WARN_NON_LITERAL_NULL_CONVERSION = YES;
				CLANG_WARN_OBJC_IMPLICIT_RETAIN_SELF = YES;
				CLANG_WARN_OBJC_LITERAL_CONVERSION = YES;
				CLANG_WARN_OBJC_ROOT_CLASS = YES_ERROR;
				CLANG_WARN_QUOTED_INCLUDE_IN_FRAMEWORK_HEADER = YES;
				CLANG_WARN_RANGE_LOOP_ANALYSIS = YES;
				CLANG_WARN_STRICT_PROTOTYPES = YES;
				CLANG_WARN_SUSPICIOUS_MOVE = YES;
				CLANG_WARN_UNGUARDED_AVAILABILITY = YES_AGGRESSIVE;
				CLANG_WARN_UNREACHABLE_CODE = YES;
				CLANG_WARN__DUPLICATE_METHOD_MATCH = YES;
				COPY_PHASE_STRIP = NO;
				DEBUG_INFORMATION_FORMAT = "dwarf-with-dsym";
				ENABLE_NS_ASSERTIONS = NO;
				ENABLE_STRICT_OBJC_MSGSEND = YES;
				GCC_C_LANGUAGE_STANDARD = gnu11;
				GCC_NO_COMMON_BLOCKS = YES;
				GCC_WARN_64_TO_32_BIT_CONVERSION = YES;
				GCC_WARN_ABOUT_RETURN_TYPE = YES_ERROR;
				GCC_WARN_UNDECLARED_SELECTOR = YES;
				GCC_WARN_UNINITIALIZED_AUTOS = YES_AGGRESSIVE;
				GCC_WARN_UNUSED_FUNCTION = YES;
				GCC_WARN_UNUSED_VARIABLE = YES;
				IPHONEOS_DEPLOYMENT_TARGET = 15.2;
				MTL_ENABLE_DEBUG_INFO = NO;
				MTL_FAST_MATH = YES;
				SDKROOT = iphoneos;
				SWIFT_COMPILATION_MODE = wholemodule;
				SWIFT_OPTIMIZATION_LEVEL = "-O";
				VALIDATE_PRODUCT = YES;
			};
			name = Release;
		};
		3D146D6927893F2E00ECA61B /* Debug */ = {
			isa = XCBuildConfiguration;
			buildSettings = {
				ASSETCATALOG_COMPILER_APPICON_NAME = AppIcon;
				ASSETCATALOG_COMPILER_GLOBAL_ACCENT_COLOR_NAME = AccentColor;
				CODE_SIGN_STYLE = Automatic;
				CURRENT_PROJECT_VERSION = 1;
				DEVELOPMENT_TEAM = 792KKG5UR4;
				GENERATE_INFOPLIST_FILE = YES;
				INFOPLIST_FILE = "Xylophone App/Info.plist";
				INFOPLIST_KEY_UIApplicationSupportsIndirectInputEvents = YES;
				INFOPLIST_KEY_UILaunchStoryboardName = LaunchScreen;
				INFOPLIST_KEY_UIMainStoryboardFile = Main;
				INFOPLIST_KEY_UISupportedInterfaceOrientations_iPad = "UIInterfaceOrientationPortrait UIInterfaceOrientationPortraitUpsideDown UIInterfaceOrientationLandscapeLeft UIInterfaceOrientationLandscapeRight";
				INFOPLIST_KEY_UISupportedInterfaceOrientations_iPhone = "UIInterfaceOrientationPortrait UIInterfaceOrientationLandscapeLeft UIInterfaceOrientationLandscapeRight";
				LD_RUNPATH_SEARCH_PATHS = (
					"$(inherited)",
					"@executable_path/Frameworks",
				);
				MARKETING_VERSION = 1.0;
				PRODUCT_BUNDLE_IDENTIFIER = "Envision.Xylophone-App";
				PRODUCT_NAME = "$(TARGET_NAME)";
				SWIFT_EMIT_LOC_STRINGS = YES;
				SWIFT_VERSION = 5.0;
				TARGETED_DEVICE_FAMILY = "1,2";
			};
			name = Debug;
		};
		3D146D6A27893F2E00ECA61B /* Release */ = {
			isa = XCBuildConfiguration;
			buildSettings = {
				ASSETCATALOG_COMPILER_APPICON_NAME = AppIcon;
				ASSETCATALOG_COMPILER_GLOBAL_ACCENT_COLOR_NAME = AccentColor;
				CODE_SIGN_STYLE = Automatic;
				CURRENT_PROJECT_VERSION = 1;
				DEVELOPMENT_TEAM = 792KKG5UR4;
				GENERATE_INFOPLIST_FILE = YES;
				INFOPLIST_FILE = "Xylophone App/Info.plist";
				INFOPLIST_KEY_UIApplicationSupportsIndirectInputEvents = YES;
				INFOPLIST_KEY_UILaunchStoryboardName = LaunchScreen;
				INFOPLIST_KEY_UIMainStoryboardFile = Main;
				INFOPLIST_KEY_UISupportedInterfaceOrientations_iPad = "UIInterfaceOrientationPortrait UIInterfaceOrientationPortraitUpsideDown UIInterfaceOrientationLandscapeLeft UIInterfaceOrientationLandscapeRight";
				INFOPLIST_KEY_UISupportedInterfaceOrientations_iPhone = "UIInterfaceOrientationPortrait UIInterfaceOrientationLandscapeLeft UIInterfaceOrientationLandscapeRight";
				LD_RUNPATH_SEARCH_PATHS = (
					"$(inherited)",
					"@executable_path/Frameworks",
				);
				MARKETING_VERSION = 1.0;
				PRODUCT_BUNDLE_IDENTIFIER = "Envision.Xylophone-App";
				PRODUCT_NAME = "$(TARGET_NAME)";
				SWIFT_EMIT_LOC_STRINGS = YES;
				SWIFT_VERSION = 5.0;
				TARGETED_DEVICE_FAMILY = "1,2";
			};
			name = Release;
		};
/* End XCBuildConfiguration section */

/* Begin XCConfigurationList section */
		3D146D4F27893F2C00ECA61B /* Build configuration list for PBXProject "Xylophone App" */ = {
			isa = XCConfigurationList;
			buildConfigurations = (
				3D146D6627893F2E00ECA61B /* Debug */,
				3D146D6727893F2E00ECA61B /* Release */,
			);
			defaultConfigurationIsVisible = 0;
			defaultConfigurationName = Release;
		};
		3D146D6827893F2E00ECA61B /* Build configuration list for PBXNativeTarget "Xylophone App" */ = {
			isa = XCConfigurationList;
			buildConfigurations = (
				3D146D6927893F2E00ECA61B /* Debug */,
				3D146D6A27893F2E00ECA61B /* Release */,
			);
			defaultConfigurationIsVisible = 0;
			defaultConfigurationName = Release;
		};
/* End XCConfigurationList section */
	};
	rootObject = 3D146D4C27893F2C00ECA61B /* Project object */;
}
